
Microsoft Visual Studio Solution File, Format Version 12.00
# Visual Studio Version 17
VisualStudioVersion = 17.9.34622.214
MinimumVisualStudioVersion = 10.0.40219.1
Project("{FAE04EC0-301F-11D3-BF4B-00C04F79EFBC}") = "EmreBaserStairs", "EmreBaserStairs\EmreBaserStairs.csproj", "{5942F80A-020F-455B-B4A0-EE4F04FCF90A}"
EndProject
Project("{FAE04EC0-301F-11D3-BF4B-00C04F79EFBC}") = "ClassLibrary1", "ClassLibrary1\ClassLibrary1.csproj", "{EBC5633D-5EE5-4806-BF79-1A2BE7808915}"
EndProject
Global
	GlobalSection(SolutionConfigurationPlatforms) = preSolution
		Debug|Any CPU = Debug|Any CPU
		Release|Any CPU = Release|Any CPU
	EndGlobalSection
	GlobalSection(ProjectConfigurationPlatforms) = postSolution
		{5942F80A-020F-455B-B4A0-EE4F04FCF90A}.Debug|Any CPU.ActiveCfg = Debug|Any CPU
		{5942F80A-020F-455B-B4A0-EE4F04FCF90A}.Debug|Any CPU.Build.0 = Debug|Any CPU
		{5942F80A-020F-455B-B4A0-EE4F04FCF90A}.Release|Any CPU.ActiveCfg = Release|Any CPU
		{5942F80A-020F-455B-B4A0-EE4F04FCF90A}.Release|Any CPU.Build.0 = Release|Any CPU
		{EBC5633D-5EE5-4806-BF79-1A2BE7808915}.Debug|Any CPU.ActiveCfg = Debug|Any CPU
		{EBC5633D-5EE5-4806-BF79-1A2BE7808915}.Debug|Any CPU.Build.0 = Debug|Any CPU
		{EBC5633D-5EE5-4806-BF79-1A2BE7808915}.Release|Any CPU.ActiveCfg = Release|Any CPU
		{EBC5633D-5EE5-4806-BF79-1A2BE7808915}.Release|Any CPU.Build.0 = Release|Any CPU
	EndGlobalSection
	GlobalSection(SolutionProperties) = preSolution
		HideSolutionNode = FALSE
	EndGlobalSection
	GlobalSection(ExtensibilityGlobals) = postSolution
		SolutionGuid = {8FD2A205-1468-425F-A290-6CF80B4B712B}
	EndGlobalSection
EndGlobal
